lockfileVersion: '9.0'

settings:
  autoInstallPeers: true
  excludeLinksFromLockfile: false

importers:

  .:
    dependencies:
      acorn:
        specifier: ^8.18.0
        version: 8.18.0
      browserslist-to-es-version:
        specifier: ^1.4.2
        version: 1.4.2
      htmlparser2:
        specifier: 12.0.0
        version: 12.0.0
      source-map:
        specifier: ^0.8.0
        version: 0.8.0
    devDependencies:
      '@rsbuild/core':
        specifier: 2.2.6
        version: 2.2.6
      '@rspack/cli':
        specifier: ^2.2.4
        version: 2.2.4(@rspack/core@2.2.4(@swc/helpers@0.5.23))
      '@rspack/core':
        specifier: ^2.2.4
        version: 2.2.4(@swc/helpers@0.5.23)
      '@rstackjs/test-utils':
        specifier: ^1.0.0
        version: 1.0.0
      '@types/node':
        specifier: ^24.13.4
        version: 24.13.4
      rslog:
        specifier: ^2.3.0
        version: 2.3.0
      rstack:
        specifier: ^0.8.0
        version: 0.8.0(typescript@7.0.2)
      strip-ansi:
        specifier: ^7.2.0
        version: 7.2.0
      typescript:
        specifier: 7.0.2
        version: 7.0.2

packages:

  '@ast-grep/napi-darwin-arm64@0.45.3':
    resolution: {integrity: sha512-rMZJ6frSpR/xSbeV4hiA9WR5hHqk3rVYX8lOqEoUCaUnjEuFXvHdGN4WawJ8pVDq/IqM1UnTtsDSYgUdVmO5DA==}
    engines: {node: '>= 10'}
    cpu: [arm64]
    os: [darwin]

  '@ast-grep/napi-darwin-x64@0.45.3':
    resolution: {integrity: sha512-tIclZ5pM+YSgk8NNTBoTkaclbS39cU5lbVfSrFWX4LUnxXfUPG+F+ppxyFjKwJTBELsGHEO4LdX3/Lc+FDwPNA==}
    engines: {node: '>= 10'}
    cpu: [x64]
    os: [darwin]

  '@ast-grep/napi-linux-arm64-gnu@0.45.3':
    resolution: {integrity: sha512-Bm8F7/oRHQkDXbjH+gBi9oB5huJ0q12r/AIOMIypf5PWlAVvh206Tsw468phw4Oh6kd4Ad1Z+gflNW1MutgK2g==}
    engines: {node: '>= 10'}
    cpu: [arm64]
    os: [linux]
    libc: [glibc]

  '@ast-grep/napi-linux-arm64-musl@0.45.3':
    resolution: {integrity: sha512-yr5xcRerV41GeRxmZ8SKbfGeyZRhQePoNNCgTAb4OrWMelWwbMI80aY7/IlF2bo1sN40BSW4hZdGIO/akTd1RQ==}
    engines: {node: '>= 10'}
    cpu: [arm64]
    os: [linux]
    libc: [musl]

  '@ast-grep/napi-linux-x64-gnu@0.45.3':
    resolution: {integrity: sha512-lluRK3hxfHMQdFuVID6seAKVx4FH0kEwF6rCh5/I40Sf3EtNR2UCBXAqd6RBA6hqlSckktvBxCfw+h4aescDmg==}
    engines: {node: '>= 10'}
    cpu: [x64]
    os: [linux]
    libc: [glibc]

  '@ast-grep/napi-linux-x64-musl@0.45.3':
    resolution: {integrity: sha512-09wJQKq86LqILqQtw0+X09SzhcPwUnMVFKyia7S3XLbLqSeQpAMF55Y+zll53JRQ1dCzFEZJyvTT/7j9vwfE3w==}
    engines: {node: '>= 10'}
    cpu: [x64]
    os: [linux]
    libc: [musl]

  '@ast-grep/napi-win32-arm64-msvc@0.45.3':
    resolution: {integrity: sha512-/HiVgw2cdtzXLDLoG4eBBcauekNXewfagy7qiVbjkVu/KcCH8dJ9lpj8DzeWwuBNtZxuD8jpiwP0M1pz3Bc3uw==}
    engines: {node: '>= 10'}
    cpu: [arm64]
    os: [win32]

  '@ast-grep/napi-win32-ia32-msvc@0.45.3':
    resolution: {integrity: sha512-/gwJrJQUw65uNtAFcG2rtSTr117Gqqy3bfjaljCPKsa65dTeRcMMnjKLlZ6V9/g8z+4Xf78kdhp5ECbir4yfSw==}
    engines: {node: '>= 10'}
    cpu: [ia32]
    os: [win32]

  '@ast-grep/napi-win32-x64-msvc@0.45.3':
    resolution: {integrity: sha512-CEZAMAsaDoQoVE3MT2c/ry3/ydfyaqlTjxv8DK5PG355SrdAYPgevGC2Me6tz4dhphJin89Y20VsnrS5UrYV5Q==}
    engines: {node: '>= 10'}
    cpu: [x64]
    os: [win32]

  '@ast-grep/napi@0.45.3':
    resolution: {integrity: sha512-bjJsUt0g3UCwbn9bjv7MnoR15rszSm79yPCXn4DWWK0NuYUUqBU/srtNMR4WnpfR7TnfBRdYFoqSNx0pGCNWJg==}
    engines: {node: '>= 10'}

  '@emnapi/core@1.11.3':
    resolution: {integrity: sha512-zLpS5asjEb7lq8jYLq37N6XKaE41DIexlY1rF/z4/tIl3wo13Sqm28fRyfIsKZD+NZ8mM5RoKkpW/rBcuoSZSg==}

  '@emnapi/runtime@1.11.3':
    resolution: {integrity: sha512-Xz4Tpyki7XyrpbUK1jR1AhdAdaXyhhY4lZ3neLodmhpuWfy2PAQN5B46sAiU4liOXGLkHypn/qU+jvfWSCYYLA==}

  '@emnapi/wasi-threads@1.2.3':
    resolution: {integrity: sha512-ELEBe8PsLvvJ6QMr0zLt8ffvOHW/dc1m3CEzNMg7aJUv3bMaoDtw2TXyDAwkYBuroxxuHEwhRTLJSe5sya547g==}

  '@napi-rs/wasm-runtime@1.1.6':
    resolution: {integrity: sha512-ZLv/JdUfkvOy9eCnnBaGfiO+XimbjebAeO+MRQqD/B+FR1tnRN0tpKSJHRbE8sFfS6aqsXZ67TQjfwfsxULVbg==}
    peerDependencies:
      '@emnapi/core': ^1.7.1
      '@emnapi/runtime': ^1.7.1

  '@rsbuild/core@2.2.10':
    resolution: {integrity: sha512-j+QWzP5pyvNExFeEkOt0WU8kUWCOMIK004jF/8Vx6HsKrq+2tYtQvTuyLsopyeUrwBHZEd7zByeNjWbSNQkWqA==}
    engines: {node: ^20.19.0 || >=22.12.0}
    hasBin: true
    peerDependencies:
      core-js: '>= 3.0.0'
    peerDependenciesMeta:
      core-js:
        optional: true

  '@rsbuild/core@2.2.6':
    resolution: {integrity: sha512-+BoNmacdQ2j9ysUunVUm2CTK7Aff70l4P/m29R5AWjd2vCU+X7bo6u3geMMJV0+j/JUHzoccC1ERIEhzqnD3Xg==}
    engines: {node: ^20.19.0 || >=22.12.0}
    hasBin: true
    peerDependencies:
      core-js: '>= 3.0.0'
    peerDependenciesMeta:
      core-js:
        optional: true

  '@rslib/core@1.0.2':
    resolution: {integrity: sha512-JHKj9sGMxIBvmCXG5EceAzqPi2NjZyTV7zN2NUKyLubu2H97vGW7fZTE6YQLjSAQMMBSdujf1y9eoEkN5Z2odQ==}
    engines: {node: ^20.19.0 || >=22.12.0}
    hasBin: true
    peerDependencies:
      '@microsoft/api-extractor': ^7
      typescript: ^5 || ^6 || ^7
    peerDependenciesMeta:
      '@microsoft/api-extractor':
        optional: true
      typescript:
        optional: true

  '@rslint/core@0.9.3':
    resolution: {integrity: sha512-V73vWrKwVKh6thEoU4quObGVyu9NPnfy9GP0pEOEkuvqQzX5jbr0/9/fpMXutDmJ1+pTJUADrvNwPShk26htDQ==}
    hasBin: true
    peerDependencies:
      jiti: ^2.7.0
    peerDependenciesMeta:
      jiti:
        optional: true

  '@rslint/native-darwin-arm64@0.9.3':
    resolution: {integrity: sha512-TyBgSPY8Gs3I5ViYfzmo/zFbwvD+YjgKOOvugVQPVjzTjUbRTlAhowNbdvZHPm6pQywyXfhj7sx/kZsgRdxEnw==}
    cpu: [arm64]
    os: [darwin]

  '@rslint/native-darwin-x64@0.9.3':
    resolution: {integrity: sha512-N25Frs0Cal33qGhf/AtgZrIoIx+MQT4oAt4gpl6A60sus1aif0dhVsRn1+Y6mSnBdmk/x6VVZPa35OKCfpYSuQ==}
    cpu: [x64]
    os: [darwin]

  '@rslint/native-linux-arm64-gnu@0.9.3':
    resolution: {integrity: sha512-CMMkzljWd0pzwxPGZ770eDNcpmfJwkS3avXdU2YaioUiTJZVaPvQV5bPlAmMxF2DHzMi6ChcbDM3+b4fjhCqBA==}
    cpu: [arm64]
    os: [linux]
    libc: [glibc]

  '@rslint/native-linux-arm64-musl@0.9.3':
    resolution: {integrity: sha512-QfTRzUDDz8Off6rnMpdqrpat/lLYUA+f12Allg3i/hpU6QGiZbCIo27qN/lHziMmR2yia5X8210KKgkIgI2nOg==}
    cpu: [arm64]
    os: [linux]
    libc: [musl]

  '@rslint/native-linux-x64-gnu@0.9.3':
    resolution: {integrity: sha512-1jVbwGPBc8fRj/q08HSj3dN0Pe76vrL6kUCZwFvpuHqzflSNbGluWijnN5FGABDi2hHK5irSDEq5vQgVcLD11Q==}
    cpu: [x64]
    os: [linux]
    libc: [glibc]

  '@rslint/native-linux-x64-musl@0.9.3':
    resolution: {integrity: sha512-aoqCFE7H4KwgXaznbnJGq68x0wbTGmY7tlJJY3sxrcESDBhaRKbjyv+V1qlH+8luuv9QTR59O6sB8j2vEZu5SA==}
    cpu: [x64]
    os: [linux]
    libc: [musl]

  '@rslint/native-win32-arm64-msvc@0.9.3':
    resolution: {integrity: sha512-MlgCPzMdcUUB39EOQvLBkUKQHCxzN5/SdfWTVxOd2bAOz9DB3ujZMn/dFLzoTeu31RSI9GU2T5P804j3opQUEA==}
    cpu: [arm64]
    os: [win32]

  '@rslint/native-win32-x64-msvc@0.9.3':
    resolution: {integrity: sha512-6DpUR1hb4ca/PpCLl8s4X+shtV3m91lp/UlG6anxwo5nzcpcjMSNW10rZG13cl6SED262kyxdP88LaEEzotGmQ==}
    cpu: [x64]
    os: [win32]

  '@rspack/binding-darwin-arm64@2.2.4':
    resolution: {integrity: sha512-PmwL+7nlD58tvGi2tUct2D6HzPsCeICvNpfgznzFjvrGlmPOm7pn5ahaevEf0C5QRHldf97qShekits4bzArsQ==}
    cpu: [arm64]
    os: [darwin]

  '@rspack/binding-darwin-arm64@2.2.7':
    resolution: {integrity: sha512-m0ijteZwZfUZeFcbyxwTe6N+I7aceV5/iW39b7fIIoMN/mSv9zL0ieeRzwuFe7mTYGwCuwNieDZHXfMFdp2Q2w==}
    cpu: [arm64]
    os: [darwin]

  '@rspack/binding-darwin-x64@2.2.4':
    resolution: {integrity: sha512-eFVBlPe/32eNaC5oIQFIfMRIic/+670iK+hep4eFSuDzJPC2QBXviSDrNRIdshTFNirCquR1+idT0XI74JYBjw==}
    cpu: [x64]
    os: [darwin]

  '@rspack/binding-darwin-x64@2.2.7':
    resolution: {integrity: sha512-f27/OubIeCe5Hzze1bm+k/CQ2XX9hk3E/FuK4lym1bjqZ9spWSuolC3sK/yU/Pc3kwMPuf53byUm3FM+QC/blw==}
    cpu: [x64]
    os: [darwin]

  '@rspack/binding-linux-arm64-gnu@2.2.4':
    resolution: {integrity: sha512-/gyHP8DVezbTzey3wCknCRSKHzxZmfOAVtoNhNfQ2+9+wNaZUKjjaGuLc/IOc1CVeZ9cE30bNzJdun+/F9KNrg==}
    cpu: [arm64]
    os: [linux]
    libc: [glibc]

  '@rspack/binding-linux-arm64-gnu@2.2.7':
    resolution: {integrity: sha512-uGEX6kY/Pi3wPZgaEk6vTevZOHjKw8qmd5pqWVwRmpLhwvPB7LGqVqx5BMnNYBjsndVUWJQQRlGL8DoVG5IXXQ==}
    cpu: [arm64]
    os: [linux]
    libc: [glibc]

  '@rspack/binding-linux-arm64-musl@2.2.4':
    resolution: {integrity: sha512-eNXOvP4hKpRozCLsutbGU7R8mQ9S3OaSbgK5T/aitEAeIzFMorkcbVJopVKwEDLxrNSTfndTedefkYN+pdhsYQ==}
    cpu: [arm64]
    os: [linux]
    libc: [musl]

  '@rspack/binding-linux-arm64-musl@2.2.7':
    resolution: {integrity: sha512-qBvztXsOgdi69zi8BhIUz+yc/alqR/wQVmcdCh+1SbhcsNpMsFUndxvVoR1tOboBsEo//gxOG4GxH8zlemhbUA==}
    cpu: [arm64]
    os: [linux]
    libc: [musl]

  '@rspack/binding-linux-ppc64-gnu@2.2.4':
    resolution: {integrity: sha512-WmlhV3nXgiKiSAFc5QVSYgurbTyF+fGUgd59JWsMCPmqwgTmNyjq6mjmoa6fzKtX/4+oKFUBBn4CdO1uCKU/ww==}
    cpu: [ppc64]
    os: [linux]
    libc: [glibc]

  '@rspack/binding-linux-ppc64-gnu@2.2.7':
    resolution: {integrity: sha512-t+/tOPoMu3ZZF8I1Wvqd4Jrib1teOOgb0S4jGb4nSVryuDIWgjny0FLGv5xc8RC7e4esVF93D4wF62Kt9Pxfvw==}
    cpu: [ppc64]
    os: [linux]
    libc: [glibc]

  '@rspack/binding-linux-riscv64-gnu@2.2.4':
    resolution: {integrity: sha512-EGqzydSCvB1o8aVk0H+HM1npAk63ZRR8jSTqzY0GQ4nz+30LHZ/Ah1Eba91OsUAgfKwk3ffP5a7EoizH24m2Rg==}
    cpu: [riscv64]
    os: [linux]
    libc: [glibc]

  '@rspack/binding-linux-riscv64-gnu@2.2.7':
    resolution: {integrity: sha512-ZkN6K4PRTPqfYI7gPYv1PqgUXKsZDeeFPFoQ4LLiFxhIGczdJY5XAPPoHN+N7d91hAGWi6u+UHYrUp1HvudBOw==}
    cpu: [riscv64]
    os: [linux]
    libc: [glibc]

  '@rspack/binding-linux-riscv64-musl@2.2.4':
    resolution: {integrity: sha512-5A5vzbvNBvuAQ4ZGEAdVl8gcFowgqCCVz3fCh12Jq3WHynl3J4JHAMnVQMs7A/KmaBhwKYDtO4FUvWh5V/BNKA==}
    cpu: [riscv64]
    os: [linux]
    libc: [musl]

  '@rspack/binding-linux-riscv64-musl@2.2.7':
    resolution: {integrity: sha512-ywcmeNAC59HtVJ4a5jy5cEUA4JNa19QlVtTW09Pzh0+luNEasWaDfOaXJpYJTGWcycVwzMm3A9aNN3MqvO87EQ==}
    cpu: [riscv64]
    os: [linux]
    libc: [musl]

  '@rspack/binding-linux-s390x-gnu@2.2.4':
    resolution: {integrity: sha512-AWGTTx5ZkMe/hHTjpbIdxJ2xzMrSaL+01zpzV2LpGhheiXeDmwId9yYEEG8vwtzzVmz8lS5VBRIdy3Kx/k4m8A==}
    cpu: [s390x]
    os: [linux]
    libc: [glibc]

  '@rspack/binding-linux-s390x-gnu@2.2.7':
    resolution: {integrity: sha512-U/np+nOj9mka5CdM9FKNkrAShw0UoaarBLzOxbBHu4sqMt3iXQCi91fblLdhUDoWuIQrnV/WrqygFeIP2qAHIw==}
    cpu: [s390x]
    os: [linux]
    libc: [glibc]

  '@rspack/binding-linux-x64-gnu@2.2.4':
    resolution: {integrity: sha512-wzVC7AkyGD0rAdV41pKxwokvdAEY47HazjdUd3Pq2MT/rHNkhgsbCOVbrl4Ts2vQqiLrFfnnNZs383492oIrQw==}
    cpu: [x64]
    os: [linux]
    libc: [glibc]

  '@rspack/binding-linux-x64-gnu@2.2.7':
    resolution: {integrity: sha512-PkryZX3GZeBQfzvKEhwGGd9m43PwqcsqWd14kmsVADeBCqHLxJahMGiGmajd28vSa42xbw7HTb8yY4jXzv5QtA==}
    cpu: [x64]
    os: [linux]
    libc: [glibc]

  '@rspack/binding-linux-x64-musl@2.2.4':
    resolution: {integrity: sha512-Gpxo27eJ+r53ebWdm8FIg6jtlEOr4T5Yit7FgF8Ib9U78Et9qGcbnvVQONHjz8gUe2hvwg9QQ1EJZechSpVB8A==}
    cpu: [x64]
    os: [linux]
    libc: [musl]

  '@rspack/binding-linux-x64-musl@2.2.7':
    resolution: {integrity: sha512-atJn62IgXnc/RhWiFgEiNx7IHAJbHunttzjMpWJLjWiFuJ2c+tLQrTBIiqO3VAIXh+haN1jZLHXuMVj5/J+edA==}
    cpu: [x64]
    os: [linux]
    libc: [musl]

  '@rspack/binding-wasm32-wasi@2.2.4':
    resolution: {integrity: sha512-Ak0PYNbyQd/0d7xsuCCBvc/V9+S8+NoHHv5dzlHepa6udSF7zKDxv9MxRMdhIIBrgn+8GMHQb3ohwW1XjzmONg==}
    cpu: [wasm32]

  '@rspack/binding-wasm32-wasi@2.2.7':
    resolution: {integrity: sha512-SRDYrqWnD8Y+VNj8+11KggFaVMFSbyu+9WC2f9sygzjFu78GmF0kLKaHNQMaJv6MUMSBk/OhtEbUB4hmH7czVQ==}
    cpu: [wasm32]

  '@rspack/binding-win32-arm64-msvc@2.2.4':
    resolution: {integrity: sha512-OVynh1BYpAKSdvopHR4P/Qy1y17YgF3qLGcRYDGTvwAYOX7EyHS/7YK8BX12T2dDZV2UhEa2t98fNncX5H/O3Q==}
    cpu: [arm64]
    os: [win32]

  '@rspack/binding-win32-arm64-msvc@2.2.7':
    resolution: {integrity: sha512-etHFjzSP/jnnrVYuim9C/nhSlN0/tQowVz0CSJOUHtDH7ZZiUsvWtkH9Zx3tDaZOB7sAw9cbL36mbmdkb4U6cw==}
    cpu: [arm64]
    os: [win32]

  '@rspack/binding-win32-ia32-msvc@2.2.4':
    resolution: {integrity: sha512-Q3yuEY/ayWjF0dO6Guj1cPH97jyaazNXRUzZz5/qz1BuuCPUaV7/LMUz1HHKOqxCw13dPFWoYRMFC92ntH/jKg==}
    cpu: [ia32]
    os: [win32]

  '@rspack/binding-win32-ia32-msvc@2.2.7':
    resolution: {integrity: sha512-26HiMUQk8QKVw477gW9HorIQ3r0le3AL4OFigJr1/HAumi5qyOPazck+wWtUDh1R9bSf8etZjkuseBGtjN5+KQ==}
    cpu: [ia32]
    os: [win32]

  '@rspack/binding-win32-x64-msvc@2.2.4':
    resolution: {integrity: sha512-syTl1zbNQPj0HuiPEqSHT/wfLGxDCjrG17UaK1sIauZjDKisIyzN3DYE+WYuRy6wSNQ02jhPFmsvdxgntfQKFw==}
    cpu: [x64]
    os: [win32]

  '@rspack/binding-win32-x64-msvc@2.2.7':
    resolution: {integrity: sha512-ut8tVSXP8DWQE/JUwQ1oqwuAaAgySgYF66HpWmxfR9J4nLzGmhd7CnnaCTT3vUyQQNmLKFida/AbiqJ/gWmPrw==}
    cpu: [x64]
    os: [win32]

  '@rspack/binding@2.2.4':
    resolution: {integrity: sha512-KoH5Wofyt1+egnqWF3pr8ItiYQiLgrHYLHOAn4YpzIMsGc8zDur3dCIhrhJ1uhbD3O7zkKqav4he3bo1kAmX9Q==}

  '@rspack/binding@2.2.7':
    resolution: {integrity: sha512-opY7Sw6iwtBa23CeNj18GOqKBlaJUZXp52kNIGyNq+7jpCQKrJYeX5wiK7uBn8/ZpHQfhwNL2xxu5yzG4JFH1g==}

  '@rspack/cli@2.2.4':
    resolution: {integrity: sha512-14ItRehZ983xA9g7MD+enl8/KYWZuuz9LJchTHxHvQ8MOVouKk7h0J06LrzH2b99dAAKH/wO3ojkCpOB9XSdFQ==}
    hasBin: true
    peerDependencies:
      '@rspack/core': ^2.0.0-0
      '@rspack/dev-server': ^2.0.0-0
    peerDependenciesMeta:
      '@rspack/dev-server':
        optional: true

  '@rspack/core@2.2.4':
    resolution: {integrity: sha512-p8/w2i3viGQDVaqbHZtKpBwQNG7rY+Bf8iwu3i+d4KHwC1+VMLc4fBD30qU+cAHuUtsdx15sicvTVz3CniYOlg==}
    engines: {node: ^20.19.0 || >=22.12.0}
    peerDependencies:
      '@module-federation/runtime-tools': ^0.24.1 || ^2.0.0
      '@swc/helpers': ^0.5.23
    peerDependenciesMeta:
      '@module-federation/runtime-tools':
        optional: true
      '@swc/helpers':
        optional: true

  '@rspack/core@2.2.7':
    resolution: {integrity: sha512-kWKd4lYp13GPAQy2eQITLTvPbl+ST7ffG/MCGHoX138o5eTetMQMe/oc7UAZAfjervAM6UOzEhiiCirPTpRBUQ==}
    engines: {node: ^20.19.0 || >=22.12.0}
    peerDependencies:
      '@module-federation/runtime-tools': ^0.24.1 || ^2.0.0
      '@swc/helpers': ^0.5.23
    peerDependenciesMeta:
      '@module-federation/runtime-tools':
        optional: true
      '@swc/helpers':
        optional: true

  '@rstackjs/cli-darwin-arm64@0.8.0':
    resolution: {integrity: sha512-bf34UcPxFBBxr+Vlt6Kb8ZMH1jcqv4TcXiTk/YTKVPwlRqqAcJ5M4iZTtAqdKo8ioC+ptusYRHl6NgjpMTZmxA==}
    engines: {node: ^22.18.0 || >=24.3.0}
    cpu: [arm64]
    os: [darwin]

  '@rstackjs/cli-darwin-x64@0.8.0':
    resolution: {integrity: sha512-NBjFDGSDvwjLIryWzQYer3EERRcki2F8YgyKANw+hZVFNQHDjgIiIRdAONKT/nbf66wdqpaKxATHUXP7SCU59Q==}
    engines: {node: ^22.18.0 || >=24.3.0}
    cpu: [x64]
    os: [darwin]

  '@rstackjs/cli-linux-arm64-gnu@0.8.0':
    resolution: {integrity: sha512-dxekBgnTE7KXOwhxuGs0DWfmpeLYRth0LUBtkz4RUvPj3YvW+ivnw5iT1Z7abQpDo+Z4/dYZFeYBC9Be8p39xg==}
    engines: {node: ^22.18.0 || >=24.3.0}
    cpu: [arm64]
    os: [linux]
    libc: [glibc]

  '@rstackjs/cli-linux-arm64-musl@0.8.0':
    resolution: {integrity: sha512-oiZk+9cwyt6v1KN/pxAPYoJ2DmKX7yvDhjqgmFodEP2BRZHmpBRBy76gSH4BJ9qceEzqWqdAfqtd6jClOndP9w==}
    engines: {node: ^22.18.0 || >=24.3.0}
    cpu: [arm64]
    os: [linux]
    libc: [musl]

  '@rstackjs/cli-linux-ppc64-gnu@0.8.0':
    resolution: {integrity: sha512-+gqPtbHQxHTP0t4fmx88ymL4ZHOViXRR+6M4vOILicpixHwFEb6KDMMiEBrnZ/sQlGq7LVTJL9kdP1yI8fC0XQ==}
    engines: {node: ^22.18.0 || >=24.3.0}
    cpu: [ppc64]
    os: [linux]
    libc: [glibc]

  '@rstackjs/cli-linux-riscv64-gnu@0.8.0':
    resolution: {integrity: sha512-E+yFXjIXT7ML33RmTzoLtM9GkAEUA5BM+65tL7U3hvBWAic+jWDv7x5Tr0s2JsQSU/bzDlkchgNZb7+0hVEQMw==}
    engines: {node: ^22.18.0 || >=24.3.0}
    cpu: [riscv64]
    os: [linux]
    libc: [glibc]

  '@rstackjs/cli-linux-riscv64-musl@0.8.0':
    resolution: {integrity: sha512-rNysy9WcWnHFg0itK56dRXFhWbkY0EgbMckR8pbXGoSTOqzm/KXqeNUvOxv7oPOCMyABirY+17ZUWyCKkS8ZaQ==}
    engines: {node: ^22.18.0 || >=24.3.0}
    cpu: [riscv64]
    os: [linux]
    libc: [musl]

  '@rstackjs/cli-linux-s390x-gnu@0.8.0':
    resolution: {integrity: sha512-pFQLd+HLcJ7z/qk3BsiwKM7YXDFI3vosJe1Jhs9ZUiRYznKiH5/MdZQZ6mK9+nB1IGC34Jezu6UGAzLsUDXtBA==}
    engines: {node: ^22.18.0 || >=24.3.0}
    cpu: [s390x]
    os: [linux]
    libc: [glibc]

  '@rstackjs/cli-linux-x64-gnu@0.8.0':
    resolution: {integrity: sha512-2nSFCzNCpsR9uMqEVsb9zWow/3o8hJ/d591DuI876wywUQoDJYDu67Xmc6R37bxZIUhRsRtoteTbWFWqDa9WXw==}
    engines: {node: ^22.18.0 || >=24.3.0}
    cpu: [x64]
    os: [linux]
    libc: [glibc]

  '@rstackjs/cli-linux-x64-musl@0.8.0':
    resolution: {integrity: sha512-oclXO+hseImlLPx+0xzZf3vSBWhHZrjYwmEnsIl7oy7WNA/iAZPuUs5fvD+vvhizW6WiAYTtz0wJiaCfUAE9Pw==}
    engines: {node: ^22.18.0 || >=24.3.0}
    cpu: [x64]
    os: [linux]
    libc: [musl]

  '@rstackjs/cli-win32-arm64-msvc@0.8.0':
    resolution: {integrity: sha512-b2xU6LeBFJoybEcgXe5rQ3VNqxIbLpDfszbWnJCwKi3t4V40iYzWfSbjvh0I4S0luasxVNFSN7Aq9PLEX/Q8gg==}
    engines: {node: ^22.18.0 || >=24.3.0}
    cpu: [arm64]
    os: [win32]

  '@rstackjs/cli-win32-ia32-msvc@0.8.0':
    resolution: {integrity: sha512-n/94iP5HVi2+rhG/f6GERRKHcTeRsNixQl7DBUvSfjgJ+cOxM0ftNpmkzkwU3cL0ZwPaejckyrs9EPQUFfWecQ==}
    engines: {node: ^22.18.0 || >=24.3.0}
    cpu: [ia32]
    os: [win32]

  '@rstackjs/cli-win32-x64-msvc@0.8.0':
    resolution: {integrity: sha512-QVI2oWmNUn9JlyLvk524+kzWHVkciB84Dy75AUyRREMmMF58oTmzymcWlW808bAgLqkQVjwyUiFzRf3hW1DkPw==}
    engines: {node: ^22.18.0 || >=24.3.0}
    cpu: [x64]
    os: [win32]

  '@rstackjs/test-utils@1.0.0':
    resolution: {integrity: sha512-g7oEZzqwke/pRVGAsvEpML+37PDOo9BwR8nKignbtXlKmW9Cb202pRRUSVEsWG//7pnyIi+q4P7b1H/h1ianGA==}

  '@rstest/core@0.12.2':
    resolution: {integrity: sha512-vDn3fCWnfv1UnjG0ZBUyDyQstRNEuceBFMLKuvPvsSm+8vTRj3ad0O2izRdj0MuPj4AqzgYVlDMv+cGBYHTUlw==}
    engines: {node: ^20.19.0 || >=22.12.0}
    hasBin: true
    peerDependencies:
      happy-dom: ^20.8.3
      jsdom: '>=15.0.0'
    peerDependenciesMeta:
      happy-dom:
        optional: true
      jsdom:
        optional: true

  '@swc-next/decoder@0.2.2':
    resolution: {integrity: sha512-eEGT7Y7StyAQ3M5imF5kkzOJYoiGQZb+CAQ5nLjLVT5npxyaWTiA/3wMYfNpNjQ66eSeCfEQd1mRW8XBhzeEjQ==}

  '@swc-next/parser-binding-darwin-arm64@0.2.2':
    resolution: {integrity: sha512-ymR+vu+jmJ0kP6XvfexP3WXFRLaXHEj8bR+coUv5Egk4ujZKjhO4tpKi3wl1S+xrv29DJYlaR+M2EKWeiaA/iQ==}
    cpu: [arm64]
    os: [darwin]

  '@swc-next/parser-binding-darwin-x64@0.2.2':
    resolution: {integrity: sha512-zkVm7R7Jj4xhLIcJAENpSymQviU7ONuBs2XUE3BeSFUDqaCn0d4rQUy7MiopLfPSvMxXcA588cyL+9gpWCb1XA==}
    cpu: [x64]
    os: [darwin]

  '@swc-next/parser-binding-linux-arm64-gnu@0.2.2':
    resolution: {integrity: sha512-mC/u0spVB77KR68Wqj16DF0HTKXac8iNf4TltQhFE1snCy2RZarkxzE1TdL0VP8f8DyuEKe1L4V5F6zFizWDbw==}
    cpu: [arm64]
    os: [linux]
    libc: [glibc]

  '@swc-next/parser-binding-linux-arm64-musl@0.2.2':
    resolution: {integrity: sha512-dVUEHAIN1O8iPudJcIKlGmtjKLSueK6zpICOO0q05dLZQExOku2SYNvy+RvciVSVpnHgqIM6TvuXWXLqvjvv4Q==}
    cpu: [arm64]
    os: [linux]
    libc: [musl]

  '@swc-next/parser-binding-linux-ppc64-gnu@0.2.2':
    resolution: {integrity: sha512-lzAiv7DsQhPLUCHlLsFsHgcEvTI0LcJoop5gw8i/q1Y+IuBGGJIuwaEQmgSosR40Kr5YUzlDxntlQzq0LT1kBg==}
    cpu: [ppc64]
    os: [linux]
    libc: [glibc]

  '@swc-next/parser-binding-linux-riscv64-gnu@0.2.2':
    resolution: {integrity: sha512-2sXJz0/DWUAz4ZPJYZh6c2mNyIJUzWLqagemEqoxHkp48EE8w7UwIoTyaqP72rd/hTSBEC8yO7/LngS4UV8vgA==}
    cpu: [riscv64]
    os: [linux]
    libc: [glibc]

  '@swc-next/parser-binding-linux-riscv64-musl@0.2.2':
    resolution: {integrity: sha512-L9BQKEWiJnrJh2JZE9N4FOcOaIP7tnxZtQjNILopQO8q8DkiXjT8Pw/NtCCghffkOqSIkjHZDzfZ1kNqcUO2MQ==}
    cpu: [riscv64]
    os: [linux]
    libc: [musl]

  '@swc-next/parser-binding-linux-s390x-gnu@0.2.2':
    resolution: {integrity: sha512-FTsesVJke0yOAS46wNjcV+f4giBnJr+z84gH1lFvTFenf7VV85ujSSPAINX4ydp9SICAlxRUMYcVP4aXqeXn7w==}
    cpu: [s390x]
    os: [linux]
    libc: [glibc]

  '@swc-next/parser-binding-linux-x64-gnu@0.2.2':
    resolution: {integrity: sha512-6CbsMxW+FZWWcItT78bHFQJACstmBRU6wAup4sVlJjxvHi5mM98t2ozhkghob+rwOJLuyW80MClOlyUlpzZJmg==}
    cpu: [x64]
    os: [linux]
    libc: [glibc]

  '@swc-next/parser-binding-linux-x64-musl@0.2.2':
    resolution: {integrity: sha512-aNsEqIEPkocxKBMycMUvC687EEIyoEhytzjwbcP4apXCC5ODOHefLD3XnQuqj+Wo+yKtKH/9bbabAGkBAhMWiw==}
    cpu: [x64]
    os: [linux]
    libc: [musl]

  '@swc-next/parser-binding-win32-arm64-msvc@0.2.2':
    resolution: {integrity: sha512-rqTCyFCS1MuZJhfeip+01u06kxtO87NQX/j12u8WDZpibIJQSPdJ8N6njjSswSDmMdYSARtBkbKSmnH2a+rSRA==}
    cpu: [arm64]
    os: [win32]

  '@swc-next/parser-binding-win32-ia32-msvc@0.2.2':
    resolution: {integrity: sha512-dR5ghSUFqFqBnpcOWzMFU2g3e2wP9ggSMuhhEu3/GpEM75OmDIsLCzolHygKBhqbqt12NI1XhLwfQvl0/Q2cLA==}
    cpu: [ia32]
    os: [win32]

  '@swc-next/parser-binding-win32-x64-msvc@0.2.2':
    resolution: {integrity: sha512-R79qkJTjlFB0GFTQNZMl7qE9ZXGgF2PyHEKGTQwZJwAOWMSVoN7t6arqI0Wj6T9YSoW+MzW7RH0RitasF6IC/Q==}
    cpu: [x64]
    os: [win32]

  '@swc-next/parser@0.2.2':
    resolution: {integrity: sha512-KpaqY7JD/dUCYvUJz5R7NIIvVIl9qoAQRxFOBhOVukHeVn2DULEvu8o9+IYyFLVZ6CJDnTIONtT1C/ETxC6Pow==}
    peerDependencies:
      '@swc-next/parser-binding-wasm': 0.2.2
    peerDependenciesMeta:
      '@swc-next/parser-binding-wasm':
        optional: true

  '@swc/helpers@0.5.23':
    resolution: {integrity: sha512-5lSsMOTXURePglDfvuAQUqkGek9Hg2kksOYay2m0+XR++b2NWYL/4sWyuvVBIs8oKnJaxkdi9whaL/sqN13afw==}

  '@tybys/wasm-util@0.10.3':
    resolution: {integrity: sha512-F3fo1MYrRJYL3zER0OUOmkutjr1Vp23m7OsSgp7nq4SP6OqX6C/56XFIPAl5bt3zaBRjmW7SGz3u/6LwFpYcOg==}

  '@types/chai@5.2.3':
    resolution: {integrity: sha512-Mw558oeA9fFbv65/y4mHtXDs9bPnFMZAL/jxdPFUpOHHIXX91mcgEHbS5Lahr+pwZFR8A7GQleRWeI6cGFC2UA==}

  '@types/deep-eql@4.0.2':
    resolution: {integrity: sha512-c9h9dVVMigMPc4bwTvC5dxqtqJZwQPePsWjPlpSOnojbor6pGqdk541lfA7AqFQr5pB1BRdq0juY9db81BwyFw==}

  '@types/node@24.13.4':
    resolution: {integrity: sha512-YJ7EqCstVTzIr0fMr7qul/977en+pQHrfmuKIo6Zr9i75Be21dr3MovcfvGtyvi2HAUrRerWps5sMO9I7WaxDw==}

  '@typescript/typescript-aix-ppc64@7.0.2':
    resolution: {integrity: sha512-MTKKkWB7p/0E9xi1d1tHtZ5PiLkGEMIq88pK2CubZjOsLtYTLqhgIgi6zepFa+9GHZ6h05NMCkQxGKiPXMxXtQ==}
    engines: {node: '>=16.20.0'}
    cpu: [ppc64]
    os: [aix]

  '@typescript/typescript-darwin-arm64@7.0.2':
    resolution: {integrity: sha512-gowzar9MwS/aRWp6f3a4KUqzRjAZjOsmGNCM6LcTgXum+dBfgsBVMN+AgvOCCbguXyick6LJhpBszxMebJ8syA==}
    engines: {node: '>=16.20.0'}
    cpu: [arm64]
    os: [darwin]

  '@typescript/typescript-darwin-x64@7.0.2':
    resolution: {integrity: sha512-SZ9xZInqApNlNGc9s0W1VSsktYSOe9cFqNOIqmN1Gs8SmkjKZYFt017G4VwPxASInODuAdbTW7sXiFUf893RgA==}
    engines: {node: '>=16.20.0'}
    cpu: [x64]
    os: [darwin]

  '@typescript/typescript-freebsd-arm64@7.0.2':
    resolution: {integrity: sha512-W5NH4y/J0plIIS5b2xvTEkU7JFxyqdMAOgf+Ilhl0vHQXKO5dZoxd+C/jEtq56c4F3wk71RB4BMRQ2XdI+bwYQ==}
    engines: {node: '>=16.20.0'}
    cpu: [arm64]
    os: [freebsd]

  '@typescript/typescript-freebsd-x64@7.0.2':
    resolution: {integrity: sha512-UMGDx5sTpzNw3WiPebH7l90IWfJggEd+egHt/q6p7/Cm3zqoV7VxkGXt+3DxPIw8CcmvAB0j3sVVfbhX+M4Tpw==}
    engines: {node: '>=16.20.0'}
    cpu: [x64]
    os: [freebsd]

  '@typescript/typescript-linux-arm64@7.0.2':
    resolution: {integrity: sha512-Qh4eU4/y3yDjnfjjyPYihMj5/ODIlmt+Bzu17OI+fiSRDW57QmU5SiN63exPRNJPKUzcc1INa1NXdrJ+MqHjUQ==}
    engines: {node: '>=16.20.0'}
    cpu: [arm64]
    os: [linux]

  '@typescript/typescript-linux-arm@7.0.2':
    resolution: {integrity: sha512-gffT3xPz9sR7j/YJExkyPntrI0P2EP9XbOyWzth2/Gs0RstK+90RBcO0ncXoXy/beYll1SXw846Nf2zdnEz0QQ==}
    engines: {node: '>=16.20.0'}
    cpu: [arm]
    os: [linux]

  '@typescript/typescript-linux-loong64@7.0.2':
    resolution: {integrity: sha512-uEHck9i8hoAzXPiYRib1O7miOnz23SxIeVl6F4LXox+qov1K35jHcEW6VHKvZI+pyvl7fZEP4MCU5LYvIq1GuQ==}
    engines: {node: '>=16.20.0'}
    cpu: [loong64]
    os: [linux]

  '@typescript/typescript-linux-mips64el@7.0.2':
    resolution: {integrity: sha512-R4KvAMnE43W5Qeqb0Ly56O3mWMWIAgsMyz36DCaycd5nbg/9kzm0liw3JocfRqyJY0KPmzFjbswozXyW0DnIYA==}
    engines: {node: '>=16.20.0'}
    cpu: [mips64el]
    os: [linux]

  '@typescript/typescript-linux-ppc64@7.0.2':
    resolution: {integrity: sha512-DORx5b3sd/4S7eayxm4FQv+A7CrkUIGRaHiwI8oiHTAI1fAPWhF4J0vAlkC8biAlHSVVwxMQ3tjZ2/DVbnQiiA==}
    engines: {node: '>=16.20.0'}
    cpu: [ppc64]
    os: [linux]

  '@typescript/typescript-linux-riscv64@7.0.2':
    resolution: {integrity: sha512-wf0jqEDOjrPRnKwYRyyJDRo11KMbvMFrU+q4zqKyChODBzvlkbhNQfKvLxQCcwTpdDaXSHZTVuh0JoCrKCUMHQ==}
    engines: {node: '>=16.20.0'}
    cpu: [riscv64]
    os: [linux]

  '@typescript/typescript-linux-s390x@7.0.2':
    resolution: {integrity: sha512-IkwJc3L7yhytWd/ewjyxNDfOmswCm9GWMJT/ue/dU4aZNbwZeYAetq42VyLmsmSjvoX7z74X6ZaYCtzAr0EuGw==}
    engines: {node: '>=16.20.0'}
    cpu: [s390x]
    os: [linux]

  '@typescript/typescript-linux-x64@7.0.2':
    resolution: {integrity: sha512-EYdf2cNg7rgCWJnxCdJ+F3V39O8ihb37eHAu1LK8oAFizgTQbPOK7zHHXbPt8rX24COqODXeI3sIf0fCXG7H/A==}
    engines: {node: '>=16.20.0'}
    cpu: [x64]
    os: [linux]

  '@typescript/typescript-netbsd-arm64@7.0.2':
    resolution: {integrity: sha512-+polYF4MF04aPpO5FTkHran9yUQDSXqy5GiSDKpsll5jy3l3+g9QLhpf39T+ePtefhXLOGrLl0QIjkQP6VnelA==}
    engines: {node: '>=16.20.0'}
    cpu: [arm64]
    os: [netbsd]

  '@typescript/typescript-netbsd-x64@7.0.2':
    resolution: {integrity: sha512-8YIT0EHM/3dq10ZOVF/A7pc/YSMtbcecct4rWtexrnSCHOPcpC2KTLXfTCR6vDpnSiY12heNb1GiN/wu+T/FyA==}
    engines: {node: '>=16.20.0'}
    cpu: [x64]
    os: [netbsd]

  '@typescript/typescript-openbsd-arm64@7.0.2':
    resolution: {integrity: sha512-APT8+ClYnuYm1u9+kgGXoMj2VzWzcymwh2gNSQVySHfkRDGOTVkoWLjCmOQSaO+PoqQ57B0flRp9SA+7GnnkzQ==}
    engines: {node: '>=16.20.0'}
    cpu: [arm64]
    os: [openbsd]

  '@typescript/typescript-openbsd-x64@7.0.2':
    resolution: {integrity: sha512-yX7s+Q0Dln0Dt9tEzZsAjXXR/+ytBM7AlglaqyeMPxQszJ1JhlJdZ6jLA+IzldHtflX81em7lDao1xXu+aRRkg==}
    engines: {node: '>=16.20.0'}
    cpu: [x64]
    os: [openbsd]

  '@typescript/typescript-sunos-x64@7.0.2':
    resolution: {integrity: sha512-dLJDGaLZ1D4HPQn62u1n8mBDkJREwMsAkCdkwd4Ieqw+x3TUyTsqY0YiBCtE6H6OzzgGk3iuZ3vFWRS+E8/d1g==}
    engines: {node: '>=16.20.0'}
    cpu: [x64]
    os: [sunos]

  '@typescript/typescript-win32-arm64@7.0.2':
    resolution: {integrity: sha512-Gyl1Vy6OsWesLzmq+EP0Fb7b4Nid5232AvcA2SFcdYreldpNtYFFofPjnt62y9hQy7VTaZp65ICJjuAQRaVcIQ==}
    engines: {node: '>=16.20.0'}
    cpu: [arm64]
    os: [win32]

  '@typescript/typescript-win32-x64@7.0.2':
    resolution: {integrity: sha512-0BQ3HkAHHlKLSp1qRvf3SUhGpGsDuhB/jgFw75guyqbxJqEaS0Cw/VFO8i2nHglJUzQCRtMMR/IBAKE3ETMC4g==}
    engines: {node: '>=16.20.0'}
    cpu: [x64]
    os: [win32]

  acorn@8.18.0:
    resolution: {integrity: sha512-lGq+9yr1/GuAWaVYIHRjvvySG5/4VfKIvC8EWxStPdcDh/Ka7FG3twP6v4d5BkravUilhIAsG4Qj83t02LWUPQ==}
    engines: {node: '>=0.4.0'}
    hasBin: true

  ansi-regex@6.2.2:
    resolution: {integrity: sha512-Bq3SmSpyFHaWjPk8If9yc6svM8c56dB5BAtW4Qbw5jHTwwXXcTLoRMkpDJp6VL0XzlWaCHTXrkFURMYmD0sLqg==}
    engines: {node: '>=12'}

  assertion-error@2.0.1:
    resolution: {integrity: sha512-Izi8RQcffqCeNVgFigKli1ssklIbpHnCYc6AknXGYoB6grJqyeby7jv12JUQgmTAnIDnbck1uxksT4dzN3PWBA==}
    engines: {node: '>=12'}

  baseline-browser-mapping@2.10.33:
    resolution: {integrity: sha512-bA6+tcSLpz2tIEdDXZPpPTIuxBcC4+w6SieaYyfigIa4h8GlFxbA17v22Vx3JUtuZQj9SgOsnbK+aTBzyDyEuw==}
    engines: {node: '>=6.0.0'}
    hasBin: true

  browserslist-to-es-version@1.4.2:
    resolution: {integrity: sha512-3NV13pCv0wmPxxZZcekHAG6vt8rQ94w2c4/UBe3ZU3NDUm5TP+QFK3rjS6XeKWSHWpnPYNfQzlhnljka0BrEOA==}
    hasBin: true

  browserslist@4.28.2:
    resolution: {integrity: sha512-48xSriZYYg+8qXna9kwqjIVzuQxi+KYWp2+5nCYnYKPTr0LvD89Jqk2Or5ogxz0NUMfIjhh2lIUX/LyX9B4oIg==}
    engines: {node: ^6 || ^7 || ^8 || ^9 || ^10 || ^11 || ^12 || >=13.7}
    hasBin: true

  caniuse-lite@1.0.30001793:
    resolution: {integrity: sha512-iwSsYWaCOoh26cV8NwNRViHlrfUvYsHDfRVcbtmw0Kg6PJIZZXwMkj1442FYLBGkeUf1juAsU3DTfxW579mrPA==}

  cjs-module-lexer@2.2.1:
    resolution: {integrity: sha512-Ca8swihM+/4yKecYHY52kgJd300hi2lADU/a1RxNTRe+RJ9jvqQlESpbz9DnG9mowez8qwXHB8qYdIUw9e+F5Q==}

  dom-serializer@3.1.1:
    resolution: {integrity: sha512-4MEa38/QexBob6gFNwu+EGdWvhJ1OKuNwdYY3Y3NyeWDQfnGeDYQUDfIRzWu5B5gsv03so2Uxd28YC6zrsx3Lw==}
    engines: {node: '>=20.19.0'}

  domelementtype@3.0.0:
    resolution: {integrity: sha512-umCQid3jKbDmVjx8jGaW7uUykm4DEUeyV21hPxNMo2nV955DhUThwqyOIDtreepP31hl84X7G5U9ZfsWvIB3Pg==}
    engines: {node: '>=20.19.0'}

  domhandler@6.0.1:
    resolution: {integrity: sha512-gYzvtM72ZtxQO0T048kd6HWSbbGCNOUwcnfQ01cqIJ4X2IYKFFHZ5mKvrQETcFXxsRObZulDaKmy//R7TPtsBg==}
    engines: {node: '>=20.19.0'}

  domutils@4.0.2:
    resolution: {integrity: sha512-qI4JLRKnSzqFqr7hAlS5xQDusBCjKSEG4t4+7aNrIQMHBcsC2TGEhuyABJdYkgSewL57PNLYEiibY2iPKhKpaA==}
    engines: {node: '>=20.19.0'}

  electron-to-chromium@1.5.364:
    resolution: {integrity: sha512-G/dYE3+AYhyHwzTwg8UbnXf7zqMERYh7l2jJ3QujhFsH8agSYwtnGAR2aZ7f0AakIKJXd5En/Hre4igIUrdlYw==}

  entities@8.0.0:
    resolution: {integrity: sha512-zwfzJecQ/Uej6tusMqwAqU/6KL2XaB2VZ2Jg54Je6ahNBGNH6Ek6g3jjNCF0fG9EWQKGZNddNjU5F1ZQn/sBnA==}
    engines: {node: '>=20.19.0'}

  escalade@3.2.0:
    resolution: {integrity: sha512-WUj2qlxaQtO4g6Pq5c29GTcWGDyd8itL8zTlipgECz3JesAiiOKotd8JU6otB3PACgG6xkJUyVhboMS+bje/jA==}
    engines: {node: '>=6'}

  htmlparser2@12.0.0:
    resolution: {integrity: sha512-Tz7u1i95/g2x2jz81+x0FBVhBhY5aRTvD3tXXdFaljuNdzDLJ8UGNRrTcj2cgQvAg3iW/h77Fz15nLW0L0CrZw==}
    engines: {node: '>=20.19.0'}

  node-releases@2.0.46:
    resolution: {integrity: sha512-GYVXHE2KnrzAfsAjl4uP++evGFCrAU1jta4ubEjIG7YWt/64Gqv66a30yKwWczVjA6j3bM4nBwH7Pk1JmDHaxQ==}
    engines: {node: '>=18'}

  picocolors@1.1.1:
    resolution: {integrity: sha512-xceH2snhtb5M9liqDsmEw56le376mTZkEX/jEb/RxNFyegNul7eNslCXP9FDj/Lcu0X8KEyMceP2ntpaHrDEVA==}

  picomatch@4.0.5:
    resolution: {integrity: sha512-RvwwcruNjI1ncT5xRakeyS9Lf8lcItv34KD+aif+VH9kduAyfYBipGh12274xtenIPZ119/R9BdTBa8gAwSh0A==}
    engines: {node: '>=12'}

  prettier@3.9.8:
    resolution: {integrity: sha512-WRFq3Wn3WId7LLROfMLdH7xaFr2jR62wU8nLO6rQUOLOxNZUviyJQs1M0iIhLexSFy+L+w0ch66wtoO2jRjG0A==}
    engines: {node: '>=14'}
    hasBin: true

  rsbuild-plugin-dts@1.0.2:
    resolution: {integrity: sha512-smEbAq9AKiBU9xWZQgpOnklcyYvlpxbQu98/lUl6cXshBoyzoDH+HjzkURtg6VJXrlaZqfoC8bISJpk21mdBvQ==}
    engines: {node: ^20.19.0 || >=22.12.0}
    peerDependencies:
      '@microsoft/api-extractor': ^7
      '@rsbuild/core': ^2.0.0
      typescript: ^5 || ^6 || ^7
    peerDependenciesMeta:
      '@microsoft/api-extractor':
        optional: true
      typescript:
        optional: true

  rslog@2.3.0:
    resolution: {integrity: sha512-g2wW/ermwzGTLlzGdJBDRc4YKz2/yPBjf57w9g5CvhtpZ91Xq95OaWku0oNHYi+XsuV6v8QrCo2oJJR/pCUR8g==}
    engines: {node: ^20.19.0 || >=22.12.0}

  rstack@0.8.0:
    resolution: {integrity: sha512-nkVSh8k1X9sxOOUgN6NngwHqjdL+FBmAq7lwoPo1baj5U6SdkYWDYL3f5RVxE71cw7PmtN1OwjuK2+OPxgsqVg==}
    engines: {node: ^22.18.0 || >=24.3.0}
    hasBin: true
    peerDependencies:
      '@rspress/core': ^2.0.17
    peerDependenciesMeta:
      '@rspress/core':
        optional: true

  source-map@0.8.0:
    resolution: {integrity: sha512-d8EqvL+k/SOXCreS/SUzg2ciyHqBBLcN/yuRjFsbvVhHTE2pgei7oAhmPM7kWFbkX6OSMQfUq4KbkF3au9lhYQ==}
    engines: {node: '>= 12'}

  strip-ansi@7.2.0:
    resolution: {integrity: sha512-yDPMNjp4WyfYBkHnjIRLfca1i6KMyGCtsVgoKe/z1+6vukgaENdgGBZt+ZmKPc4gavvEZ5OgHfHdrazhgNyG7w==}
    engines: {node: '>=12'}

  tinypool@2.2.0:
    resolution: {integrity: sha512-jBrmx4lYmaC9k/mgPbylxs7kBUxHtD8256up+HjLaDFfXScKJQyil+SWXSvhAtT7XHo+yTVlpB81PGmHP8oLSQ==}
    engines: {node: ^20.0.0 || >=22.0.0}

  tslib@2.8.1:
    resolution: {integrity: sha512-oJFu94HQb+KVduSUQL7wnpmqnfmLsOA/nAh6b6EH0wCEoK0/mPeXU6c3wKDV83MkOuHPRHtSXKKU99IBazS/2w==}

  typescript@7.0.2:
    resolution: {integrity: sha512-8FYau96o3NKOhbjKi/qNvG/W5jhzxkbdm5sj9AbZ/5T5sWqn3hJgLfGx27sRKZWTvyzCP8dLRBTf5tBTSRVUNA==}
    engines: {node: '>=16.20.0'}
    hasBin: true

  undici-types@7.18.2:
    resolution: {integrity: sha512-AsuCzffGHJybSaRrmr5eHr81mwJU3kjw6M+uprWvCXiNeN9SOGwQ3Jn8jb8m3Z6izVgknn1R0FTCEAP2QrLY/w==}

  update-browserslist-db@1.2.3:
    resolution: {integrity: sha512-Js0m9cx+qOgDxo0eMiFGEueWztz+d4+M3rGlmKPT+T4IS/jP4ylw3Nwpu6cpTTP8R1MAC1kF4VbdLt3ARf209w==}
    hasBin: true
    peerDependencies:
      browserslist: '>= 4.21.0'

snapshots:

  '@ast-grep/napi-darwin-arm64@0.45.3':
    optional: true

  '@ast-grep/napi-darwin-x64@0.45.3':
    optional: true

  '@ast-grep/napi-linux-arm64-gnu@0.45.3':
    optional: true

  '@ast-grep/napi-linux-arm64-musl@0.45.3':
    optional: true

  '@ast-grep/napi-linux-x64-gnu@0.45.3':
    optional: true

  '@ast-grep/napi-linux-x64-musl@0.45.3':
    optional: true

  '@ast-grep/napi-win32-arm64-msvc@0.45.3':
    optional: true

  '@ast-grep/napi-win32-ia32-msvc@0.45.3':
    optional: true

  '@ast-grep/napi-win32-x64-msvc@0.45.3':
    optional: true

  '@ast-grep/napi@0.45.3':
    optionalDependencies:
      '@ast-grep/napi-darwin-arm64': 0.45.3
      '@ast-grep/napi-darwin-x64': 0.45.3
      '@ast-grep/napi-linux-arm64-gnu': 0.45.3
      '@ast-grep/napi-linux-arm64-musl': 0.45.3
      '@ast-grep/napi-linux-x64-gnu': 0.45.3
      '@ast-grep/napi-linux-x64-musl': 0.45.3
      '@ast-grep/napi-win32-arm64-msvc': 0.45.3
      '@ast-grep/napi-win32-ia32-msvc': 0.45.3
      '@ast-grep/napi-win32-x64-msvc': 0.45.3

  '@emnapi/core@1.11.3':
    dependencies:
      '@emnapi/wasi-threads': 1.2.3
      tslib: 2.8.1
    optional: true

  '@emnapi/runtime@1.11.3':
    dependencies:
      tslib: 2.8.1
    optional: true

  '@emnapi/wasi-threads@1.2.3':
    dependencies:
      tslib: 2.8.1
    optional: true

  '@napi-rs/wasm-runtime@1.1.6(@emnapi/core@1.11.3)(@emnapi/runtime@1.11.3)':
    dependencies:
      '@emnapi/core': 1.11.3
      '@emnapi/runtime': 1.11.3
      '@tybys/wasm-util': 0.10.3
    optional: true

  '@rsbuild/core@2.2.10':
    dependencies:
      '@rspack/core': 2.2.7(@swc/helpers@0.5.23)
      '@swc/helpers': 0.5.23
    transitivePeerDependencies:
      - '@module-federation/runtime-tools'

  '@rsbuild/core@2.2.6':
    dependencies:
      '@rspack/core': 2.2.4(@swc/helpers@0.5.23)
      '@swc/helpers': 0.5.23
    transitivePeerDependencies:
      - '@module-federation/runtime-tools'

  '@rslib/core@1.0.2(typescript@7.0.2)':
    dependencies:
      '@rsbuild/core': 2.2.10
      rsbuild-plugin-dts: 1.0.2(@rsbuild/core@2.2.10)(typescript@7.0.2)
    optionalDependencies:
      typescript: 7.0.2
    transitivePeerDependencies:
      - '@module-federation/runtime-tools'
      - core-js

  '@rslint/core@0.9.3':
    dependencies:
      picomatch: 4.0.5
    optionalDependencies:
      '@rslint/native-darwin-arm64': 0.9.3
      '@rslint/native-darwin-x64': 0.9.3
      '@rslint/native-linux-arm64-gnu': 0.9.3
      '@rslint/native-linux-arm64-musl': 0.9.3
      '@rslint/native-linux-x64-gnu': 0.9.3
      '@rslint/native-linux-x64-musl': 0.9.3
      '@rslint/native-win32-arm64-msvc': 0.9.3
      '@rslint/native-win32-x64-msvc': 0.9.3

  '@rslint/native-darwin-arm64@0.9.3':
    optional: true

  '@rslint/native-darwin-x64@0.9.3':
    optional: true

  '@rslint/native-linux-arm64-gnu@0.9.3':
    optional: true

  '@rslint/native-linux-arm64-musl@0.9.3':
    optional: true

  '@rslint/native-linux-x64-gnu@0.9.3':
    optional: true

  '@rslint/native-linux-x64-musl@0.9.3':
    optional: true

  '@rslint/native-win32-arm64-msvc@0.9.3':
    optional: true

  '@rslint/native-win32-x64-msvc@0.9.3':
    optional: true

  '@rspack/binding-darwin-arm64@2.2.4':
    optional: true

  '@rspack/binding-darwin-arm64@2.2.7':
    optional: true

  '@rspack/binding-darwin-x64@2.2.4':
    optional: true

  '@rspack/binding-darwin-x64@2.2.7':
    optional: true

  '@rspack/binding-linux-arm64-gnu@2.2.4':
    optional: true

  '@rspack/binding-linux-arm64-gnu@2.2.7':
    optional: true

  '@rspack/binding-linux-arm64-musl@2.2.4':
    optional: true

  '@rspack/binding-linux-arm64-musl@2.2.7':
    optional: true

  '@rspack/binding-linux-ppc64-gnu@2.2.4':
    optional: true

  '@rspack/binding-linux-ppc64-gnu@2.2.7':
    optional: true

  '@rspack/binding-linux-riscv64-gnu@2.2.4':
    optional: true

  '@rspack/binding-linux-riscv64-gnu@2.2.7':
    optional: true

  '@rspack/binding-linux-riscv64-musl@2.2.4':
    optional: true

  '@rspack/binding-linux-riscv64-musl@2.2.7':
    optional: true

  '@rspack/binding-linux-s390x-gnu@2.2.4':
    optional: true

  '@rspack/binding-linux-s390x-gnu@2.2.7':
    optional: true

  '@rspack/binding-linux-x64-gnu@2.2.4':
    optional: true

  '@rspack/binding-linux-x64-gnu@2.2.7':
    optional: true

  '@rspack/binding-linux-x64-musl@2.2.4':
    optional: true

  '@rspack/binding-linux-x64-musl@2.2.7':
    optional: true

  '@rspack/binding-wasm32-wasi@2.2.4':
    dependencies:
      '@emnapi/core': 1.11.3
      '@emnapi/runtime': 1.11.3
      '@napi-rs/wasm-runtime': 1.1.6(@emnapi/core@1.11.3)(@emnapi/runtime@1.11.3)
    optional: true

  '@rspack/binding-wasm32-wasi@2.2.7':
    dependencies:
      '@emnapi/core': 1.11.3
      '@emnapi/runtime': 1.11.3
      '@napi-rs/wasm-runtime': 1.1.6(@emnapi/core@1.11.3)(@emnapi/runtime@1.11.3)
    optional: true

  '@rspack/binding-win32-arm64-msvc@2.2.4':
    optional: true

  '@rspack/binding-win32-arm64-msvc@2.2.7':
    optional: true

  '@rspack/binding-win32-ia32-msvc@2.2.4':
    optional: true

  '@rspack/binding-win32-ia32-msvc@2.2.7':
    optional: true

  '@rspack/binding-win32-x64-msvc@2.2.4':
    optional: true

  '@rspack/binding-win32-x64-msvc@2.2.7':
    optional: true

  '@rspack/binding@2.2.4':
    optionalDependencies:
      '@rspack/binding-darwin-arm64': 2.2.4
      '@rspack/binding-darwin-x64': 2.2.4
      '@rspack/binding-linux-arm64-gnu': 2.2.4
      '@rspack/binding-linux-arm64-musl': 2.2.4
      '@rspack/binding-linux-ppc64-gnu': 2.2.4
      '@rspack/binding-linux-riscv64-gnu': 2.2.4
      '@rspack/binding-linux-riscv64-musl': 2.2.4
      '@rspack/binding-linux-s390x-gnu': 2.2.4
      '@rspack/binding-linux-x64-gnu': 2.2.4
      '@rspack/binding-linux-x64-musl': 2.2.4
      '@rspack/binding-wasm32-wasi': 2.2.4
      '@rspack/binding-win32-arm64-msvc': 2.2.4
      '@rspack/binding-win32-ia32-msvc': 2.2.4
      '@rspack/binding-win32-x64-msvc': 2.2.4

  '@rspack/binding@2.2.7':
    optionalDependencies:
      '@rspack/binding-darwin-arm64': 2.2.7
      '@rspack/binding-darwin-x64': 2.2.7
      '@rspack/binding-linux-arm64-gnu': 2.2.7
      '@rspack/binding-linux-arm64-musl': 2.2.7
      '@rspack/binding-linux-ppc64-gnu': 2.2.7
      '@rspack/binding-linux-riscv64-gnu': 2.2.7
      '@rspack/binding-linux-riscv64-musl': 2.2.7
      '@rspack/binding-linux-s390x-gnu': 2.2.7
      '@rspack/binding-linux-x64-gnu': 2.2.7
      '@rspack/binding-linux-x64-musl': 2.2.7
      '@rspack/binding-wasm32-wasi': 2.2.7
      '@rspack/binding-win32-arm64-msvc': 2.2.7
      '@rspack/binding-win32-ia32-msvc': 2.2.7
      '@rspack/binding-win32-x64-msvc': 2.2.7

  '@rspack/cli@2.2.4(@rspack/core@2.2.4(@swc/helpers@0.5.23))':
    dependencies:
      '@rspack/core': 2.2.4(@swc/helpers@0.5.23)

  '@rspack/core@2.2.4(@swc/helpers@0.5.23)':
    dependencies:
      '@rspack/binding': 2.2.4
    optionalDependencies:
      '@swc/helpers': 0.5.23

  '@rspack/core@2.2.7(@swc/helpers@0.5.23)':
    dependencies:
      '@rspack/binding': 2.2.7
    optionalDependencies:
      '@swc/helpers': 0.5.23

  '@rstackjs/cli-darwin-arm64@0.8.0':
    optional: true

  '@rstackjs/cli-darwin-x64@0.8.0':
    optional: true

  '@rstackjs/cli-linux-arm64-gnu@0.8.0':
    optional: true

  '@rstackjs/cli-linux-arm64-musl@0.8.0':
    optional: true

  '@rstackjs/cli-linux-ppc64-gnu@0.8.0':
    optional: true

  '@rstackjs/cli-linux-riscv64-gnu@0.8.0':
    optional: true

  '@rstackjs/cli-linux-riscv64-musl@0.8.0':
    optional: true

  '@rstackjs/cli-linux-s390x-gnu@0.8.0':
    optional: true

  '@rstackjs/cli-linux-x64-gnu@0.8.0':
    optional: true

  '@rstackjs/cli-linux-x64-musl@0.8.0':
    optional: true

  '@rstackjs/cli-win32-arm64-msvc@0.8.0':
    optional: true

  '@rstackjs/cli-win32-ia32-msvc@0.8.0':
    optional: true

  '@rstackjs/cli-win32-x64-msvc@0.8.0':
    optional: true

  '@rstackjs/test-utils@1.0.0': {}

  '@rstest/core@0.12.2':
    dependencies:
      '@rsbuild/core': 2.2.10
      '@types/chai': 5.2.3
      cjs-module-lexer: 2.2.1
    transitivePeerDependencies:
      - '@module-federation/runtime-tools'
      - core-js

  '@swc-next/decoder@0.2.2': {}

  '@swc-next/parser-binding-darwin-arm64@0.2.2':
    optional: true

  '@swc-next/parser-binding-darwin-x64@0.2.2':
    optional: true

  '@swc-next/parser-binding-linux-arm64-gnu@0.2.2':
    optional: true

  '@swc-next/parser-binding-linux-arm64-musl@0.2.2':
    optional: true

  '@swc-next/parser-binding-linux-ppc64-gnu@0.2.2':
    optional: true

  '@swc-next/parser-binding-linux-riscv64-gnu@0.2.2':
    optional: true

  '@swc-next/parser-binding-linux-riscv64-musl@0.2.2':
    optional: true

  '@swc-next/parser-binding-linux-s390x-gnu@0.2.2':
    optional: true

  '@swc-next/parser-binding-linux-x64-gnu@0.2.2':
    optional: true

  '@swc-next/parser-binding-linux-x64-musl@0.2.2':
    optional: true

  '@swc-next/parser-binding-win32-arm64-msvc@0.2.2':
    optional: true

  '@swc-next/parser-binding-win32-ia32-msvc@0.2.2':
    optional: true

  '@swc-next/parser-binding-win32-x64-msvc@0.2.2':
    optional: true

  '@swc-next/parser@0.2.2':
    dependencies:
      '@swc-next/decoder': 0.2.2
    optionalDependencies:
      '@swc-next/parser-binding-darwin-arm64': 0.2.2
      '@swc-next/parser-binding-darwin-x64': 0.2.2
      '@swc-next/parser-binding-linux-arm64-gnu': 0.2.2
      '@swc-next/parser-binding-linux-arm64-musl': 0.2.2
      '@swc-next/parser-binding-linux-ppc64-gnu': 0.2.2
      '@swc-next/parser-binding-linux-riscv64-gnu': 0.2.2
      '@swc-next/parser-binding-linux-riscv64-musl': 0.2.2
      '@swc-next/parser-binding-linux-s390x-gnu': 0.2.2
      '@swc-next/parser-binding-linux-x64-gnu': 0.2.2
      '@swc-next/parser-binding-linux-x64-musl': 0.2.2
      '@swc-next/parser-binding-win32-arm64-msvc': 0.2.2
      '@swc-next/parser-binding-win32-ia32-msvc': 0.2.2
      '@swc-next/parser-binding-win32-x64-msvc': 0.2.2

  '@swc/helpers@0.5.23':
    dependencies:
      tslib: 2.8.1

  '@tybys/wasm-util@0.10.3':
    dependencies:
      tslib: 2.8.1
    optional: true

  '@types/chai@5.2.3':
    dependencies:
      '@types/deep-eql': 4.0.2
      assertion-error: 2.0.1

  '@types/deep-eql@4.0.2': {}

  '@types/node@24.13.4':
    dependencies:
      undici-types: 7.18.2

  '@typescript/typescript-aix-ppc64@7.0.2':
    optional: true

  '@typescript/typescript-darwin-arm64@7.0.2':
    optional: true

  '@typescript/typescript-darwin-x64@7.0.2':
    optional: true

  '@typescript/typescript-freebsd-arm64@7.0.2':
    optional: true

  '@typescript/typescript-freebsd-x64@7.0.2':
    optional: true

  '@typescript/typescript-linux-arm64@7.0.2':
    optional: true

  '@typescript/typescript-linux-arm@7.0.2':
    optional: true

  '@typescript/typescript-linux-loong64@7.0.2':
    optional: true

  '@typescript/typescript-linux-mips64el@7.0.2':
    optional: true

  '@typescript/typescript-linux-ppc64@7.0.2':
    optional: true

  '@typescript/typescript-linux-riscv64@7.0.2':
    optional: true

  '@typescript/typescript-linux-s390x@7.0.2':
    optional: true

  '@typescript/typescript-linux-x64@7.0.2':
    optional: true

  '@typescript/typescript-netbsd-arm64@7.0.2':
    optional: true

  '@typescript/typescript-netbsd-x64@7.0.2':
    optional: true

  '@typescript/typescript-openbsd-arm64@7.0.2':
    optional: true

  '@typescript/typescript-openbsd-x64@7.0.2':
    optional: true

  '@typescript/typescript-sunos-x64@7.0.2':
    optional: true

  '@typescript/typescript-win32-arm64@7.0.2':
    optional: true

  '@typescript/typescript-win32-x64@7.0.2':
    optional: true

  acorn@8.18.0: {}

  ansi-regex@6.2.2: {}

  assertion-error@2.0.1: {}

  baseline-browser-mapping@2.10.33: {}

  browserslist-to-es-version@1.4.2:
    dependencies:
      browserslist: 4.28.2

  browserslist@4.28.2:
    dependencies:
      baseline-browser-mapping: 2.10.33
      caniuse-lite: 1.0.30001793
      electron-to-chromium: 1.5.364
      node-releases: 2.0.46
      update-browserslist-db: 1.2.3(browserslist@4.28.2)

  caniuse-lite@1.0.30001793: {}

  cjs-module-lexer@2.2.1: {}

  dom-serializer@3.1.1:
    dependencies:
      domelementtype: 3.0.0
      domhandler: 6.0.1
      entities: 8.0.0

  domelementtype@3.0.0: {}

  domhandler@6.0.1:
    dependencies:
      domelementtype: 3.0.0

  domutils@4.0.2:
    dependencies:
      dom-serializer: 3.1.1
      domelementtype: 3.0.0
      domhandler: 6.0.1

  electron-to-chromium@1.5.364: {}

  entities@8.0.0: {}

  escalade@3.2.0: {}

  htmlparser2@12.0.0:
    dependencies:
      domelementtype: 3.0.0
      domhandler: 6.0.1
      domutils: 4.0.2
      entities: 8.0.0

  node-releases@2.0.46: {}

  picocolors@1.1.1: {}

  picomatch@4.0.5: {}

  prettier@3.9.8: {}

  rsbuild-plugin-dts@1.0.2(@rsbuild/core@2.2.10)(typescript@7.0.2):
    dependencies:
      '@ast-grep/napi': 0.45.3
      '@rsbuild/core': 2.2.10
    optionalDependencies:
      typescript: 7.0.2

  rslog@2.3.0: {}

  rstack@0.8.0(typescript@7.0.2):
    dependencies:
      '@rsbuild/core': 2.2.10
      '@rslib/core': 1.0.2(typescript@7.0.2)
      '@rslint/core': 0.9.3
      '@rstest/core': 0.12.2
      '@swc-next/parser': 0.2.2
      prettier: 3.9.8
      tinypool: 2.2.0
    optionalDependencies:
      '@rstackjs/cli-darwin-arm64': 0.8.0
      '@rstackjs/cli-darwin-x64': 0.8.0
      '@rstackjs/cli-linux-arm64-gnu': 0.8.0
      '@rstackjs/cli-linux-arm64-musl': 0.8.0
      '@rstackjs/cli-linux-ppc64-gnu': 0.8.0
      '@rstackjs/cli-linux-riscv64-gnu': 0.8.0
      '@rstackjs/cli-linux-riscv64-musl': 0.8.0
      '@rstackjs/cli-linux-s390x-gnu': 0.8.0
      '@rstackjs/cli-linux-x64-gnu': 0.8.0
      '@rstackjs/cli-linux-x64-musl': 0.8.0
      '@rstackjs/cli-win32-arm64-msvc': 0.8.0
      '@rstackjs/cli-win32-ia32-msvc': 0.8.0
      '@rstackjs/cli-win32-x64-msvc': 0.8.0
    transitivePeerDependencies:
      - '@microsoft/api-extractor'
      - '@module-federation/runtime-tools'
      - '@swc-next/parser-binding-wasm'
      - core-js
      - happy-dom
      - jiti
      - jsdom
      - typescript

  source-map@0.8.0: {}

  strip-ansi@7.2.0:
    dependencies:
      ansi-regex: 6.2.2

  tinypool@2.2.0: {}

  tslib@2.8.1: {}

  typescript@7.0.2:
    optionalDependencies:
      '@typescript/typescript-aix-ppc64': 7.0.2
      '@typescript/typescript-darwin-arm64': 7.0.2
      '@typescript/typescript-darwin-x64': 7.0.2
      '@typescript/typescript-freebsd-arm64': 7.0.2
      '@typescript/typescript-freebsd-x64': 7.0.2
      '@typescript/typescript-linux-arm': 7.0.2
      '@typescript/typescript-linux-arm64': 7.0.2
      '@typescript/typescript-linux-loong64': 7.0.2
      '@typescript/typescript-linux-mips64el': 7.0.2
      '@typescript/typescript-linux-ppc64': 7.0.2
      '@typescript/typescript-linux-riscv64': 7.0.2
      '@typescript/typescript-linux-s390x': 7.0.2
      '@typescript/typescript-linux-x64': 7.0.2
      '@typescript/typescript-netbsd-arm64': 7.0.2
      '@typescript/typescript-netbsd-x64': 7.0.2
      '@typescript/typescript-openbsd-arm64': 7.0.2
      '@typescript/typescript-openbsd-x64': 7.0.2
      '@typescript/typescript-sunos-x64': 7.0.2
      '@typescript/typescript-win32-arm64': 7.0.2
      '@typescript/typescript-win32-x64': 7.0.2

  undici-types@7.18.2: {}

  update-browserslist-db@1.2.3(browserslist@4.28.2):
    dependencies:
      browserslist: 4.28.2
      escalade: 3.2.0
      picocolors: 1.1.1
